// !$*UTF8*$!
{
	archiveVersion = 1;
	classes = {
	};
	objectVersion = 52;
	objects = {

/* Begin PBXBuildFile section */
		4720814A2718507000144E35 /* Step-4-close.mp4 in Resources */ = {isa = PBXBuildFile; fileRef = 472081492718507000144E35 /* Step-4-close.mp4 */; };
		47947D7726B3EABD00761DC8 /* AppDelegate.swift in Sources */ = {isa = PBXBuildFile; fileRef = 47947D7626B3EABD00761DC8 /* AppDelegate.swift */; };
		47947D7926B3EABD00761DC8 /* SceneDelegate.swift in Sources */ = {isa = PBXBuildFile; fileRef = 47947D7826B3EABD00761DC8 /* SceneDelegate.swift */; };
		47947D7B26B3EABD00761DC8 /* ViewController.swift in Sources */ = {isa = PBXBuildFile; fileRef = 47947D7A26B3EABD00761DC8 /* ViewController.swift */; };
		47947D8026B3EABF00761DC8 /* Assets.xcassets in Resources */ = {isa = PBXBuildFile; fileRef = 47947D7F26B3EABF00761DC8 /* Assets.xcassets */; };
		47947D8B26B55DCB00761DC8 /* GridView.swift in Sources */ = {isa = PBXBuildFile; fileRef = 47947D8A26B55DCB00761DC8 /* GridView.swift */; };
		47947D8D26B56A5F00761DC8 /* SaveToPhotoAlbum.swift in Sources */ = {isa = PBXBuildFile; fileRef = 47947D8C26B56A5F00761DC8 /* SaveToPhotoAlbum.swift */; };
		47D2BAA326FD83ED006A1D11 /* ChangeProfilePassword.swift in Sources */ = {isa = PBXBuildFile; fileRef = 47D2BAA226FD83ED006A1D11 /* ChangeProfilePassword.swift */; };
		47D2BAA626FD8CD3006A1D11 /* Step2ViewController.swift in Sources */ = {isa = PBXBuildFile; fileRef = 47D2BAA526FD8CD3006A1D11 /* Step2ViewController.swift */; };
		47DEEF9126D2191900D6DF91 /* CryptoSwift in Frameworks */ = {isa = PBXBuildFile; productRef = 47DEEF9026D2191900D6DF91 /* CryptoSwift */; };
		5607E4E926D101DB003D90E5 /* Readme.md in Resources */ = {isa = PBXBuildFile; fileRef = 5607E4E826D101DB003D90E5 /* Readme.md */; };
		5607E4ED26D258A4003D90E5 /* ForgotPassViewController.swift in Sources */ = {isa = PBXBuildFile; fileRef = 5607E4EC26D258A4003D90E5 /* ForgotPassViewController.swift */; };
		5615AC4626FF29810057487C /* ChangeEmailViewController.swift in Sources */ = {isa = PBXBuildFile; fileRef = 5615AC4526FF29810057487C /* ChangeEmailViewController.swift */; };
		5615AC5A270A6D670057487C /* SavePhotoToApp.swift in Sources */ = {isa = PBXBuildFile; fileRef = 5615AC59270A6D670057487C /* SavePhotoToApp.swift */; };
		5615AC5D270B16650057487C /* Documentation.docc in Sources */ = {isa = PBXBuildFile; fileRef = 5615AC5C270B16640057487C /* Documentation.docc */; };
		561E7ED4270FBCB600D7EC43 /* DropboxManager.swift in Sources */ = {isa = PBXBuildFile; fileRef = 561E7ED3270FBCB600D7EC43 /* DropboxManager.swift */; };
		5620448026F711990000A578 /* AlbumCell.swift in Sources */ = {isa = PBXBuildFile; fileRef = 5620447F26F711990000A578 /* AlbumCell.swift */; };
		566CCE0F26BBFABA00DF6616 /* DesignableView.swift in Sources */ = {isa = PBXBuildFile; fileRef = 566CCE0E26BBFABA00DF6616 /* DesignableView.swift */; };
		566FDA9926EDF37200E23B8F /* UIView+Extension.swift in Sources */ = {isa = PBXBuildFile; fileRef = 566FDA9826EDF37200E23B8F /* UIView+Extension.swift */; };
		567097D026F70CE0009FEB46 /* AlbumViewController.swift in Sources */ = {isa = PBXBuildFile; fileRef = 567097CF26F70CE0009FEB46 /* AlbumViewController.swift */; };
		5687B81626B93E5E00548B19 /* SignupViewController.swift in Sources */ = {isa = PBXBuildFile; fileRef = 5687B81526B93E5E00548B19 /* SignupViewController.swift */; };
		5687B81826B93E8C00548B19 /* LoginViewController.swift in Sources */ = {isa = PBXBuildFile; fileRef = 5687B81726B93E8C00548B19 /* LoginViewController.swift */; };
		5691FBA626EDD94C00A84E66 /* SetUpViewController.swift in Sources */ = {isa = PBXBuildFile; fileRef = 5691FBA526EDD94C00A84E66 /* SetUpViewController.swift */; };
		569B3CE226BB4FA600A1A76E /* Login.storyboard in Resources */ = {isa = PBXBuildFile; fileRef = 569B3CE126BB4FA600A1A76E /* Login.storyboard */; };
		569B3CE426BB52A100A1A76E /* Media.xcassets in Resources */ = {isa = PBXBuildFile; fileRef = 569B3CE326BB52A100A1A76E /* Media.xcassets */; };
		569E2C7426C90E4D00B6FBFE /* MainViewController.swift in Sources */ = {isa = PBXBuildFile; fileRef = 569E2C7326C90E4D00B6FBFE /* MainViewController.swift */; };
		56C7B8D62712A349004A6DAB /* AlbumModel.swift in Sources */ = {isa = PBXBuildFile; fileRef = 56C7B8D52712A349004A6DAB /* AlbumModel.swift */; };
		6A4C947E26DB5F6500B056B7 /* logo.png in Resources */ = {isa = PBXBuildFile; fileRef = 6A4C947D26DB5F6500B056B7 /* logo.png */; };
		6A703E5326D8818E007A06BA /* Main.storyboard in Resources */ = {isa = PBXBuildFile; fileRef = 6A703E5226D8818E007A06BA /* Main.storyboard */; };
		6A90106826FC93520002D672 /* Step1ViewController.swift in Sources */ = {isa = PBXBuildFile; fileRef = 6A90106726FC93520002D672 /* Step1ViewController.swift */; };
		6A90106A26FD50340002D672 /* Step-1-front.mp4 in Resources */ = {isa = PBXBuildFile; fileRef = 6A90106926FD50340002D672 /* Step-1-front.mp4 */; };
		6A90106E26FD53870002D672 /* Step-2-back.mp4 in Resources */ = {isa = PBXBuildFile; fileRef = 6A90106B26FD53850002D672 /* Step-2-back.mp4 */; };
		6A90106F26FD53870002D672 /* Step-3-around.mp4 in Resources */ = {isa = PBXBuildFile; fileRef = 6A90106C26FD53870002D672 /* Step-3-around.mp4 */; };
		6AACCD7F27000A4000D9F0A3 /* Step3ViewController.swift in Sources */ = {isa = PBXBuildFile; fileRef = 6AACCD7E27000A4000D9F0A3 /* Step3ViewController.swift */; };
		6AACCD8127000CC300D9F0A3 /* Step4ViewController.swift in Sources */ = {isa = PBXBuildFile; fileRef = 6AACCD8027000CC300D9F0A3 /* Step4ViewController.swift */; };
		C0075DED261B0AE6595095B3 /* Pods_EarScanner_XCode.framework in Frameworks */ = {isa = PBXBuildFile; fileRef = 87928C1E21F276CFD86C3E0D /* Pods_EarScanner_XCode.framework */; };
/* End PBXBuildFile section */

/* Begin PBXFileReference section */
		472081492718507000144E35 /* Step-4-close.mp4 */ = {isa = PBXFileReference; lastKnownFileType = file; path = "Step-4-close.mp4"; sourceTree = "<group>"; };
		47947D7326B3EABD00761DC8 /* EarScan3D.app */ = {isa = PBXFileReference; explicitFileType = wrapper.application; includeInIndex = 0; path = EarScan3D.app; sourceTree = BUILT_PRODUCTS_DIR; };
		47947D7626B3EABD00761DC8 /* AppDelegate.swift */ = {isa = PBXFileReference; lastKnownFileType = sourcecode.swift; path = AppDelegate.swift; sourceTree = "<group>"; };
		47947D7826B3EABD00761DC8 /* SceneDelegate.swift */ = {isa = PBXFileReference; lastKnownFileType = sourcecode.swift; path = SceneDelegate.swift; sourceTree = "<group>"; };
		47947D7A26B3EABD00761DC8 /* ViewController.swift */ = {isa = PBXFileReference; lastKnownFileType = sourcecode.swift; path = ViewController.swift; sourceTree = "<group>"; };
		47947D7F26B3EABF00761DC8 /* Assets.xcassets */ = {isa = PBXFileReference; lastKnownFileType = folder.assetcatalog; path = Assets.xcassets; sourceTree = "<group>"; };
		47947D8426B3EABF00761DC8 /* Info.plist */ = {isa = PBXFileReference; lastKnownFileType = text.plist.xml; path = Info.plist; sourceTree = "<group>"; };
		47947D8A26B55DCB00761DC8 /* GridView.swift */ = {isa = PBXFileReference; lastKnownFileType = sourcecode.swift; path = GridView.swift; sourceTree = "<group>"; };
		47947D8C26B56A5F00761DC8 /* SaveToPhotoAlbum.swift */ = {isa = PBXFileReference; lastKnownFileType = sourcecode.swift; path = SaveToPhotoAlbum.swift; sourceTree = "<group>"; };
		47D2BAA226FD83ED006A1D11 /* ChangeProfilePassword.swift */ = {isa = PBXFileReference; lastKnownFileType = sourcecode.swift; path = ChangeProfilePassword.swift; sourceTree = "<group>"; };
		47D2BAA526FD8CD3006A1D11 /* Step2ViewController.swift */ = {isa = PBXFileReference; lastKnownFileType = sourcecode.swift; path = Step2ViewController.swift; sourceTree = "<group>"; };
		53EA04072803588CFD5E5478 /* Pods-EarScanner_XCode.debug.xcconfig */ = {isa = PBXFileReference; includeInIndex = 1; lastKnownFileType = text.xcconfig; name = "Pods-EarScanner_XCode.debug.xcconfig"; path = "Target Support Files/Pods-EarScanner_XCode/Pods-EarScanner_XCode.debug.xcconfig"; sourceTree = "<group>"; };
		5607E4E826D101DB003D90E5 /* Readme.md */ = {isa = PBXFileReference; lastKnownFileType = net.daringfireball.markdown; path = Readme.md; sourceTree = "<group>"; };
		5607E4EC26D258A4003D90E5 /* ForgotPassViewController.swift */ = {isa = PBXFileReference; lastKnownFileType = sourcecode.swift; path = ForgotPassViewController.swift; sourceTree = "<group>"; };
		5615AC4526FF29810057487C /* ChangeEmailViewController.swift */ = {isa = PBXFileReference; lastKnownFileType = sourcecode.swift; path = ChangeEmailViewController.swift; sourceTree = "<group>"; };
		5615AC59270A6D670057487C /* SavePhotoToApp.swift */ = {isa = PBXFileReference; lastKnownFileType = sourcecode.swift; path = SavePhotoToApp.swift; sourceTree = "<group>"; };
		5615AC5B270A7E080057487C /* EarScanner_XCode.entitlements */ = {isa = PBXFileReference; lastKnownFileType = text.plist.entitlements; path = EarScanner_XCode.entitlements; sourceTree = "<group>"; };
		5615AC5C270B16640057487C /* Documentation.docc */ = {isa = PBXFileReference; lastKnownFileType = folder.documentationcatalog; path = Documentation.docc; sourceTree = "<group>"; };
		561E7ED3270FBCB600D7EC43 /* DropboxManager.swift */ = {isa = PBXFileReference; lastKnownFileType = sourcecode.swift; path = DropboxManager.swift; sourceTree = "<group>"; };
		5620447F26F711990000A578 /* AlbumCell.swift */ = {isa = PBXFileReference; lastKnownFileType = sourcecode.swift; path = AlbumCell.swift; sourceTree = "<group>"; };
		566CCE0E26BBFABA00DF6616 /* DesignableView.swift */ = {isa = PBXFileReference; lastKnownFileType = sourcecode.swift; path = DesignableView.swift; sourceTree = "<group>"; };
		566FDA9826EDF37200E23B8F /* UIView+Extension.swift */ = {isa = PBXFileReference; lastKnownFileType = sourcecode.swift; path = "UIView+Extension.swift"; sourceTree = "<group>"; };
		567097CF26F70CE0009FEB46 /* AlbumViewController.swift */ = {isa = PBXFileReference; lastKnownFileType = sourcecode.swift; path = AlbumViewController.swift; sourceTree = "<group>"; };
		5687B81526B93E5E00548B19 /* SignupViewController.swift */ = {isa = PBXFileReference; lastKnownFileType = sourcecode.swift; path = SignupViewController.swift; sourceTree = "<group>"; };
		5687B81726B93E8C00548B19 /* LoginViewController.swift */ = {isa = PBXFileReference; lastKnownFileType = sourcecode.swift; name = LoginViewController.swift; path = EarScanner_XCode/ViewControllers/LoginViewController.swift; sourceTree = SOURCE_ROOT; };
		5691FBA526EDD94C00A84E66 /* SetUpViewController.swift */ = {isa = PBXFileReference; lastKnownFileType = sourcecode.swift; path = SetUpViewController.swift; sourceTree = "<group>"; };
		569B3CE126BB4FA600A1A76E /* Login.storyboard */ = {isa = PBXFileReference; lastKnownFileType = file.storyboard; path = Login.storyboard; sourceTree = "<group>"; };
		569B3CE326BB52A100A1A76E /* Media.xcassets */ = {isa = PBXFileReference; lastKnownFileType = folder.assetcatalog; path = Media.xcassets; sourceTree = "<group>"; };
		569E2C7326C90E4D00B6FBFE /* MainViewController.swift */ = {isa = PBXFileReference; lastKnownFileType = sourcecode.swift; path = MainViewController.swift; sourceTree = "<group>"; };
		56C7B8D52712A349004A6DAB /* AlbumModel.swift */ = {isa = PBXFileReference; lastKnownFileType = sourcecode.swift; path = AlbumModel.swift; sourceTree = "<group>"; };
		6A4C947D26DB5F6500B056B7 /* logo.png */ = {isa = PBXFileReference; lastKnownFileType = image.png; path = logo.png; sourceTree = "<group>"; };
		6A703E5226D8818E007A06BA /* Main.storyboard */ = {isa = PBXFileReference; fileEncoding = 4; lastKnownFileType = file.storyboard; path = Main.storyboard; sourceTree = "<group>"; };
		6A90106726FC93520002D672 /* Step1ViewController.swift */ = {isa = PBXFileReference; lastKnownFileType = sourcecode.swift; path = Step1ViewController.swift; sourceTree = "<group>"; };
		6A90106926FD50340002D672 /* Step-1-front.mp4 */ = {isa = PBXFileReference; lastKnownFileType = file; path = "Step-1-front.mp4"; sourceTree = "<group>"; };
		6A90106B26FD53850002D672 /* Step-2-back.mp4 */ = {isa = PBXFileReference; lastKnownFileType = file; path = "Step-2-back.mp4"; sourceTree = "<group>"; };
		6A90106C26FD53870002D672 /* Step-3-around.mp4 */ = {isa = PBXFileReference; lastKnownFileType = file; path = "Step-3-around.mp4"; sourceTree = "<group>"; };
		6A90107126FD53A90002D672 /* Step2ViewController.swift */ = {isa = PBXFileReference; lastKnownFileType = sourcecode.swift; path = Step2ViewController.swift; sourceTree = "<group>"; };
		6AACCD7E27000A4000D9F0A3 /* Step3ViewController.swift */ = {isa = PBXFileReference; lastKnownFileType = sourcecode.swift; path = Step3ViewController.swift; sourceTree = "<group>"; };
		6AACCD8027000CC300D9F0A3 /* Step4ViewController.swift */ = {isa = PBXFileReference; lastKnownFileType = sourcecode.swift; path = Step4ViewController.swift; sourceTree = "<group>"; };
		87928C1E21F276CFD86C3E0D /* Pods_EarScanner_XCode.framework */ = {isa = PBXFileReference; explicitFileType = wrapper.framework; includeInIndex = 0; path = Pods_EarScanner_XCode.framework; sourceTree = BUILT_PRODUCTS_DIR; };
		9095D166B902AF9638FC7A48 /* Pods-EarScanner_XCode.release.xcconfig */ = {isa = PBXFileReference; includeInIndex = 1; lastKnownFileType = text.xcconfig; name = "Pods-EarScanner_XCode.release.xcconfig"; path = "Target Support Files/Pods-EarScanner_XCode/Pods-EarScanner_XCode.release.xcconfig"; sourceTree = "<group>"; };
/* End PBXFileReference section */

/* Begin PBXFrameworksBuildPhase section */
		47947D7026B3EABD00761DC8 /* Frameworks */ = {
			isa = PBXFrameworksBuildPhase;
			buildActionMask = 2147483647;
			files = (
				47DEEF9126D2191900D6DF91 /* CryptoSwift in Frameworks */,
				C0075DED261B0AE6595095B3 /* Pods_EarScanner_XCode.framework in Frameworks */,
			);
			runOnlyForDeploymentPostprocessing = 0;
		};
/* End PBXFrameworksBuildPhase section */

/* Begin PBXGroup section */
		0403741AAFEF1D82FA37FD3E /* Pods */ = {
			isa = PBXGroup;
			children = (
				53EA04072803588CFD5E5478 /* Pods-EarScanner_XCode.debug.xcconfig */,
				9095D166B902AF9638FC7A48 /* Pods-EarScanner_XCode.release.xcconfig */,
			);
			path = Pods;
			sourceTree = "<group>";
		};
		25A53DE6F1AF680EC2D1566D /* Frameworks */ = {
			isa = PBXGroup;
			children = (
				87928C1E21F276CFD86C3E0D /* Pods_EarScanner_XCode.framework */,
			);
			name = Frameworks;
			sourceTree = "<group>";
		};
		47947D6A26B3EABD00761DC8 = {
			isa = PBXGroup;
			children = (
				5615AC5C270B16640057487C /* Documentation.docc */,
				472081492718507000144E35 /* Step-4-close.mp4 */,
				6A90106B26FD53850002D672 /* Step-2-back.mp4 */,
				6A90106C26FD53870002D672 /* Step-3-around.mp4 */,
				6A90106926FD50340002D672 /* Step-1-front.mp4 */,
				47947D7526B3EABD00761DC8 /* EarScanner_XCode */,
				47947D7426B3EABD00761DC8 /* Products */,
				0403741AAFEF1D82FA37FD3E /* Pods */,
				25A53DE6F1AF680EC2D1566D /* Frameworks */,
				47D2BAA426FD8B72006A1D11 /* Recovered References */,
			);
			sourceTree = "<group>";
		};
		47947D7426B3EABD00761DC8 /* Products */ = {
			isa = PBXGroup;
			children = (
				47947D7326B3EABD00761DC8 /* EarScan3D.app */,
			);
			name = Products;
			sourceTree = "<group>";
		};
		47947D7526B3EABD00761DC8 /* EarScanner_XCode */ = {
			isa = PBXGroup;
			children = (
				5615AC5B270A7E080057487C /* EarScanner_XCode.entitlements */,
				47947D7626B3EABD00761DC8 /* AppDelegate.swift */,
				561E7ED3270FBCB600D7EC43 /* DropboxManager.swift */,
				47947D7826B3EABD00761DC8 /* SceneDelegate.swift */,
				566FDA9726EDF35B00E23B8F /* Extensions */,
				56C263AF26D9D8780001F3AD /* Camera */,
				5620448126F72C8E0000A578 /* PhotoAlbum */,
				56C263AE26D9D8260001F3AD /* Storyboards */,
				5687B81B26B9470700548B19 /* ViewControllers */,
				566CCE0E26BBFABA00DF6616 /* DesignableView.swift */,
				47947D8426B3EABF00761DC8 /* Info.plist */,
				6A4C947D26DB5F6500B056B7 /* logo.png */,
				47947D7F26B3EABF00761DC8 /* Assets.xcassets */,
				569B3CE326BB52A100A1A76E /* Media.xcassets */,
				5607E4E826D101DB003D90E5 /* Readme.md */,
			);
			path = EarScanner_XCode;
			sourceTree = "<group>";
		};
		47D2BAA426FD8B72006A1D11 /* Recovered References */ = {
			isa = PBXGroup;
			children = (
				6A90107126FD53A90002D672 /* Step2ViewController.swift */,
			);
			name = "Recovered References";
			sourceTree = "<group>";
		};
		5620448126F72C8E0000A578 /* PhotoAlbum */ = {
			isa = PBXGroup;
			children = (
				567097CF26F70CE0009FEB46 /* AlbumViewController.swift */,
				5620447F26F711990000A578 /* AlbumCell.swift */,
				56C7B8D42712A2E6004A6DAB /* Model */,
			);
			path = PhotoAlbum;
			sourceTree = "<group>";
		};
		566FDA9726EDF35B00E23B8F /* Extensions */ = {
			isa = PBXGroup;
			children = (
				566FDA9826EDF37200E23B8F /* UIView+Extension.swift */,
			);
			path = Extensions;
			sourceTree = "<group>";
		};
		5687B81B26B9470700548B19 /* ViewControllers */ = {
			isa = PBXGroup;
			children = (
				5687B81526B93E5E00548B19 /* SignupViewController.swift */,
				5687B81726B93E8C00548B19 /* LoginViewController.swift */,
				569E2C7326C90E4D00B6FBFE /* MainViewController.swift */,
				5607E4EC26D258A4003D90E5 /* ForgotPassViewController.swift */,
				6A90106726FC93520002D672 /* Step1ViewController.swift */,
				47D2BAA526FD8CD3006A1D11 /* Step2ViewController.swift */,
				47D2BAA226FD83ED006A1D11 /* ChangeProfilePassword.swift */,
				5615AC4526FF29810057487C /* ChangeEmailViewController.swift */,
				6AACCD7E27000A4000D9F0A3 /* Step3ViewController.swift */,
				6AACCD8027000CC300D9F0A3 /* Step4ViewController.swift */,
			);
			path = ViewControllers;
			sourceTree = "<group>";
		};
		56C263AE26D9D8260001F3AD /* Storyboards */ = {
			isa = PBXGroup;
			children = (
				569B3CE126BB4FA600A1A76E /* Login.storyboard */,
				6A703E5226D8818E007A06BA /* Main.storyboard */,
			);
			path = Storyboards;
			sourceTree = "<group>";
		};
		56C263AF26D9D8780001F3AD /* Camera */ = {
			isa = PBXGroup;
			children = (
				47947D8A26B55DCB00761DC8 /* GridView.swift */,
				47947D8C26B56A5F00761DC8 /* SaveToPhotoAlbum.swift */,
				47947D7A26B3EABD00761DC8 /* ViewController.swift */,
				5691FBA526EDD94C00A84E66 /* SetUpViewController.swift */,
				5615AC59270A6D670057487C /* SavePhotoToApp.swift */,
			);
			path = Camera;
			sourceTree = "<group>";
		};
		56C7B8D42712A2E6004A6DAB /* Model */ = {
			isa = PBXGroup;
			children = (
				56C7B8D52712A349004A6DAB /* AlbumModel.swift */,
			);
			path = Model;
			sourceTree = "<group>";
		};
/* End PBXGroup section */

/* Begin PBXNativeTarget section */
		47947D7226B3EABD00761DC8 /* EarScanner_XCode */ = {
			isa = PBXNativeTarget;
			buildConfigurationList = 47947D8726B3EABF00761DC8 /* Build configuration list for PBXNativeTarget "EarScanner_XCode" */;
			buildPhases = (
				48D223D2681AD052854B42F9 /* [CP] Check Pods Manifest.lock */,
				47947D6F26B3EABD00761DC8 /* Sources */,
				47947D7026B3EABD00761DC8 /* Frameworks */,
				47947D7126B3EABD00761DC8 /* Resources */,
				33B08F2A49356926F345721D /* [CP] Embed Pods Frameworks */,
			);
			buildRules = (
			);
			dependencies = (
			);
			name = EarScanner_XCode;
			packageProductDependencies = (
				47DEEF9026D2191900D6DF91 /* CryptoSwift */,
			);
			productName = EarScanner_XCode;
			productReference = 47947D7326B3EABD00761DC8 /* EarScan3D.app */;
			productType = "com.apple.product-type.application";
		};
/* End PBXNativeTarget section */

/* Begin PBXProject section */
		47947D6B26B3EABD00761DC8 /* Project object */ = {
			isa = PBXProject;
			attributes = {
				LastSwiftUpdateCheck = 1250;
				LastUpgradeCheck = 1250;
				TargetAttributes = {
					47947D7226B3EABD00761DC8 = {
						CreatedOnToolsVersion = 12.5.1;
					};
				};
			};
			buildConfigurationList = 47947D6E26B3EABD00761DC8 /* Build configuration list for PBXProject "EarScanner_XCode" */;
			compatibilityVersion = "Xcode 9.3";
			developmentRegion = en;
			hasScannedForEncodings = 0;
			knownRegions = (
				en,
				Base,
			);
			mainGroup = 47947D6A26B3EABD00761DC8;
			packageReferences = (
				47DEEF8F26D2191900D6DF91 /* XCRemoteSwiftPackageReference "CryptoSwift" */,
			);
			productRefGroup = 47947D7426B3EABD00761DC8 /* Products */;
			projectDirPath = "";
			projectRoot = "";
			targets = (
				47947D7226B3EABD00761DC8 /* EarScanner_XCode */,
			);
		};
/* End PBXProject section */

/* Begin PBXResourcesBuildPhase section */
		47947D7126B3EABD00761DC8 /* Resources */ = {
			isa = PBXResourcesBuildPhase;
			buildActionMask = 2147483647;
			files = (
				6A90106E26FD53870002D672 /* Step-2-back.mp4 in Resources */,
				6A90106F26FD53870002D672 /* Step-3-around.mp4 in Resources */,
				6A90106A26FD50340002D672 /* Step-1-front.mp4 in Resources */,
				569B3CE426BB52A100A1A76E /* Media.xcassets in Resources */,
				569B3CE226BB4FA600A1A76E /* Login.storyboard in Resources */,
				6A4C947E26DB5F6500B056B7 /* logo.png in Resources */,
				5607E4E926D101DB003D90E5 /* Readme.md in Resources */,
				4720814A2718507000144E35 /* Step-4-close.mp4 in Resources */,
				6A703E5326D8818E007A06BA /* Main.storyboard in Resources */,
				47947D8026B3EABF00761DC8 /* Assets.xcassets in Resources */,
			);
			runOnlyForDeploymentPostprocessing = 0;
		};
/* End PBXResourcesBuildPhase section */

/* Begin PBXShellScriptBuildPhase section */
		33B08F2A49356926F345721D /* [CP] Embed Pods Frameworks */ = {
			isa = PBXShellScriptBuildPhase;
			buildActionMask = 2147483647;
			files = (
			);
			inputFileListPaths = (
				"${PODS_ROOT}/Target Support Files/Pods-EarScanner_XCode/Pods-EarScanner_XCode-frameworks-${CONFIGURATION}-input-files.xcfilelist",
			);
			name = "[CP] Embed Pods Frameworks";
			outputFileListPaths = (
				"${PODS_ROOT}/Target Support Files/Pods-EarScanner_XCode/Pods-EarScanner_XCode-frameworks-${CONFIGURATION}-output-files.xcfilelist",
			);
			runOnlyForDeploymentPostprocessing = 0;
			shellPath = /bin/sh;
			shellScript = "\"${PODS_ROOT}/Target Support Files/Pods-EarScanner_XCode/Pods-EarScanner_XCode-frameworks.sh\"\n";
			showEnvVarsInLog = 0;
		};
		48D223D2681AD052854B42F9 /* [CP] Check Pods Manifest.lock */ = {
			isa = PBXShellScriptBuildPhase;
			buildActionMask = 2147483647;
			files = (
			);
			inputFileListPaths = (
			);
			inputPaths = (
				"${PODS_PODFILE_DIR_PATH}/Podfile.lock",
				"${PODS_ROOT}/Manifest.lock",
			);
			name = "[CP] Check Pods Manifest.lock";
			outputFileListPaths = (
			);
			outputPaths = (
				"$(DERIVED_FILE_DIR)/Pods-EarScanner_XCode-checkManifestLockResult.txt",
			);
			runOnlyForDeploymentPostprocessing = 0;
			shellPath = /bin/sh;
			shellScript = "diff \"${PODS_PODFILE_DIR_PATH}/Podfile.lock\" \"${PODS_ROOT}/Manifest.lock\" > /dev/null\nif [ $? != 0 ] ; then\n    # print error to STDERR\n    echo \"error: The sandbox is not in sync with the Podfile.lock. Run 'pod install' or update your CocoaPods installation.\" >&2\n    exit 1\nfi\n# This output is used by Xcode 'outputs' to avoid re-running this script phase.\necho \"SUCCESS\" > \"${SCRIPT_OUTPUT_FILE_0}\"\n";
			showEnvVarsInLog = 0;
		};
/* End PBXShellScriptBuildPhase section */

/* Begin PBXSourcesBuildPhase section */
		47947D6F26B3EABD00761DC8 /* Sources */ = {
			isa = PBXSourcesBuildPhase;
			buildActionMask = 2147483647;
			files = (
				5607E4ED26D258A4003D90E5 /* ForgotPassViewController.swift in Sources */,
				5687B81826B93E8C00548B19 /* LoginViewController.swift in Sources */,
				5615AC5A270A6D670057487C /* SavePhotoToApp.swift in Sources */,
				567097D026F70CE0009FEB46 /* AlbumViewController.swift in Sources */,
				6AACCD8127000CC300D9F0A3 /* Step4ViewController.swift in Sources */,
				5620448026F711990000A578 /* AlbumCell.swift in Sources */,
				5687B81626B93E5E00548B19 /* SignupViewController.swift in Sources */,
				47947D7B26B3EABD00761DC8 /* ViewController.swift in Sources */,
				47947D7726B3EABD00761DC8 /* AppDelegate.swift in Sources */,
				47947D8B26B55DCB00761DC8 /* GridView.swift in Sources */,
				6A90106826FC93520002D672 /* Step1ViewController.swift in Sources */,
				566FDA9926EDF37200E23B8F /* UIView+Extension.swift in Sources */,
				47947D7926B3EABD00761DC8 /* SceneDelegate.swift in Sources */,
				56C7B8D62712A349004A6DAB /* AlbumModel.swift in Sources */,
				5615AC5D270B16650057487C /* Documentation.docc in Sources */,
				5615AC4626FF29810057487C /* ChangeEmailViewController.swift in Sources */,
				569E2C7426C90E4D00B6FBFE /* MainViewController.swift in Sources */,
				47D2BAA626FD8CD3006A1D11 /* Step2ViewController.swift in Sources */,
				561E7ED4270FBCB600D7EC43 /* DropboxManager.swift in Sources */,
				6AACCD7F27000A4000D9F0A3 /* Step3ViewController.swift in Sources */,
				47947D8D26B56A5F00761DC8 /* SaveToPhotoAlbum.swift in Sources */,
				47D2BAA326FD83ED006A1D11 /* ChangeProfilePassword.swift in Sources */,
				5691FBA626EDD94C00A84E66 /* SetUpViewController.swift in Sources */,
				566CCE0F26BBFABA00DF6616 /* DesignableView.swift in Sources */,
			);
			runOnlyForDeploymentPostprocessing = 0;
		};
/* End PBXSourcesBuildPhase section */

/* Begin XCBuildConfiguration section */
		47947D8526B3EABF00761DC8 /* Debug */ = {
			isa = XCBuildConfiguration;
			buildSettings = {
				ALWAYS_SEARCH_USER_PATHS = NO;
				CLANG_ANALYZER_NONNULL = YES;
				CLANG_ANALYZER_NUMBER_OBJECT_CONVERSION = YES_AGGRESSIVE;
				CLANG_CXX_LANGUAGE_STANDARD = "gnu++14";
				CLANG_CXX_LIBRARY = "libc++";
				CLANG_ENABLE_MODULES = YES;
				CLANG_ENABLE_OBJC_ARC = YES;
				CLANG_ENABLE_OBJC_WEAK = YES;
				CLANG_WARN_BLOCK_CAPTURE_AUTORELEASING = YES;
				CLANG_WARN_BOOL_CONVERSION = YES;
				CLANG_WARN_COMMA = YES;
				CLANG_WARN_CONSTANT_CONVERSION = YES;
				CLANG_WARN_DEPRECATED_OBJC_IMPLEMENTATIONS = YES;
				CLANG_WARN_DIRECT_OBJC_ISA_USAGE = YES_ERROR;
				CLANG_WARN_DOCUMENTATION_COMMENTS = YES;
				CLANG_WARN_EMPTY_BODY = YES;
				CLANG_WARN_ENUM_CONVERSION = YES;
				CLANG_WARN_INFINITE_RECURSION = YES;
				CLANG_WARN_INT_CONVERSION = YES;
				CLANG_WARN_NON_LITERAL_NULL_CONVERSION = YES;
				CLANG_WARN_OBJC_IMPLICIT_RETAIN_SELF = YES;
				CLANG_WARN_OBJC_LITERAL_CONVERSION = YES;
				CLANG_WARN_OBJC_ROOT_CLASS = YES_ERROR;
				CLANG_WARN_QUOTED_INCLUDE_IN_FRAMEWORK_HEADER = YES;
				CLANG_WARN_RANGE_LOOP_ANALYSIS = YES;
				CLANG_WARN_STRICT_PROTOTYPES = YES;
				CLANG_WARN_SUSPICIOUS_MOVE = YES;
				CLANG_WARN_UNGUARDED_AVAILABILITY = YES_AGGRESSIVE;
				CLANG_WARN_UNREACHABLE_CODE = YES;
				CLANG_WARN__DUPLICATE_METHOD_MATCH = YES;
				COPY_PHASE_STRIP = NO;
				DEBUG_INFORMATION_FORMAT = dwarf;
				ENABLE_STRICT_OBJC_MSGSEND = YES;
				ENABLE_TESTABILITY = YES;
				GCC_C_LANGUAGE_STANDARD = gnu11;
				GCC_DYNAMIC_NO_PIC = NO;
				GCC_NO_COMMON_BLOCKS = YES;
				GCC_OPTIMIZATION_LEVEL = 0;
				GCC_PREPROCESSOR_DEFINITIONS = (
					"DEBUG=1",
					"$(inherited)",
				);
				GCC_WARN_64_TO_32_BIT_CONVERSION = YES;
				GCC_WARN_ABOUT_RETURN_TYPE = YES_ERROR;
				GCC_WARN_UNDECLARED_SELECTOR = YES;
				GCC_WARN_UNINITIALIZED_AUTOS = YES_AGGRESSIVE;
				GCC_WARN_UNUSED_FUNCTION = YES;
				GCC_WARN_UNUSED_VARIABLE = YES;
				IPHONEOS_DEPLOYMENT_TARGET = 14.5;
				MTL_ENABLE_DEBUG_INFO = INCLUDE_SOURCE;
				MTL_FAST_MATH = YES;
				ONLY_ACTIVE_ARCH = YES;
				SDKROOT = iphoneos;
				SWIFT_ACTIVE_COMPILATION_CONDITIONS = DEBUG;
				SWIFT_OPTIMIZATION_LEVEL = "-Onone";
			};
			name = Debug;
		};
		47947D8626B3EABF00761DC8 /* Release */ = {
			isa = XCBuildConfiguration;
			buildSettings = {
				ALWAYS_SEARCH_USER_PATHS = NO;
				CLANG_ANALYZER_NONNULL = YES;
				CLANG_ANALYZER_NUMBER_OBJECT_CONVERSION = YES_AGGRESSIVE;
				CLANG_CXX_LANGUAGE_STANDARD = "gnu++14";
				CLANG_CXX_LIBRARY = "libc++";
				CLANG_ENABLE_MODULES = YES;
				CLANG_ENABLE_OBJC_ARC = YES;
				CLANG_ENABLE_OBJC_WEAK = YES;
				CLANG_WARN_BLOCK_CAPTURE_AUTORELEASING = YES;
				CLANG_WARN_BOOL_CONVERSION = YES;
				CLANG_WARN_COMMA = YES;
				CLANG_WARN_CONSTANT_CONVERSION = YES;
				CLANG_WARN_DEPRECATED_OBJC_IMPLEMENTATIONS = YES;
				CLANG_WARN_DIRECT_OBJC_ISA_USAGE = YES_ERROR;
				CLANG_WARN_DOCUMENTATION_COMMENTS = YES;
				CLANG_WARN_EMPTY_BODY = YES;
				CLANG_WARN_ENUM_CONVERSION = YES;
				CLANG_WARN_INFINITE_RECURSION = YES;
				CLANG_WARN_INT_CONVERSION = YES;
				CLANG_WARN_NON_LITERAL_NULL_CONVERSION = YES;
				CLANG_WARN_OBJC_IMPLICIT_RETAIN_SELF = YES;
				CLANG_WARN_OBJC_LITERAL_CONVERSION = YES;
				CLANG_WARN_OBJC_ROOT_CLASS = YES_ERROR;
				CLANG_WARN_QUOTED_INCLUDE_IN_FRAMEWORK_HEADER = YES;
				CLANG_WARN_RANGE_LOOP_ANALYSIS = YES;
				CLANG_WARN_STRICT_PROTOTYPES = YES;
				CLANG_WARN_SUSPICIOUS_MOVE = YES;
				CLANG_WARN_UNGUARDED_AVAILABILITY = YES_AGGRESSIVE;
				CLANG_WARN_UNREACHABLE_CODE = YES;
				CLANG_WARN__DUPLICATE_METHOD_MATCH = YES;
				COPY_PHASE_STRIP = NO;
				DEBUG_INFORMATION_FORMAT = "dwarf-with-dsym";
				ENABLE_NS_ASSERTIONS = NO;
				ENABLE_STRICT_OBJC_MSGSEND = YES;
				GCC_C_LANGUAGE_STANDARD = gnu11;
				GCC_NO_COMMON_BLOCKS = YES;
				GCC_WARN_64_TO_32_BIT_CONVERSION = YES;
				GCC_WARN_ABOUT_RETURN_TYPE = YES_ERROR;
				GCC_WARN_UNDECLARED_SELECTOR = YES;
				GCC_WARN_UNINITIALIZED_AUTOS = YES_AGGRESSIVE;
				GCC_WARN_UNUSED_FUNCTION = YES;
				GCC_WARN_UNUSED_VARIABLE = YES;
				IPHONEOS_DEPLOYMENT_TARGET = 14.5;
				MTL_ENABLE_DEBUG_INFO = NO;
				MTL_FAST_MATH = YES;
				SDKROOT = iphoneos;
				SWIFT_COMPILATION_MODE = wholemodule;
				SWIFT_OPTIMIZATION_LEVEL = "-O";
				VALIDATE_PRODUCT = YES;
			};
			name = Release;
		};
		47947D8826B3EABF00761DC8 /* Debug */ = {
			isa = XCBuildConfiguration;
			baseConfigurationReference = 53EA04072803588CFD5E5478 /* Pods-EarScanner_XCode.debug.xcconfig */;
			buildSettings = {
				ASSETCATALOG_COMPILER_APPICON_NAME = AppIcon;
				ASSETCATALOG_COMPILER_GLOBAL_ACCENT_COLOR_NAME = AccentColor;
				CODE_SIGN_ENTITLEMENTS = EarScanner_XCode/EarScanner_XCode.entitlements;
				CODE_SIGN_STYLE = Automatic;
				DEVELOPMENT_TEAM = KSTAQ25V98;
				INFOPLIST_FILE = EarScanner_XCode/Info.plist;
				LD_RUNPATH_SEARCH_PATHS = (
					"$(inherited)",
					"@executable_path/Frameworks",
				);
				PRODUCT_BUNDLE_IDENTIFIER = nvjdhbjlka;
				PRODUCT_NAME = EarScan3D;
				SWIFT_VERSION = 5.0;
				TARGETED_DEVICE_FAMILY = 1;
			};
			name = Debug;
		};
		47947D8926B3EABF00761DC8 /* Release */ = {
			isa = XCBuildConfiguration;
			baseConfigurationReference = 9095D166B902AF9638FC7A48 /* Pods-EarScanner_XCode.release.xcconfig */;
			buildSettings = {
				ASSETCATALOG_COMPILER_APPICON_NAME = AppIcon;
				ASSETCATALOG_COMPILER_GLOBAL_ACCENT_COLOR_NAME = AccentColor;
				CODE_SIGN_ENTITLEMENTS = EarScanner_XCode/EarScanner_XCode.entitlements;
				CODE_SIGN_STYLE = Automatic;
				DEVELOPMENT_TEAM = KSTAQ25V98;
				INFOPLIST_FILE = EarScanner_XCode/Info.plist;
				LD_RUNPATH_SEARCH_PATHS = (
					"$(inherited)",
					"@executable_path/Frameworks",
				);
				PRODUCT_BUNDLE_IDENTIFIER = nvjdhbjlka;
				PRODUCT_NAME = EarScan3D;
				SWIFT_VERSION = 5.0;
				TARGETED_DEVICE_FAMILY = 1;
			};
			name = Release;
		};
/* End XCBuildConfiguration section */

/* Begin XCConfigurationList section */
		47947D6E26B3EABD00761DC8 /* Build configuration list for PBXProject "EarScanner_XCode" */ = {
			isa = XCConfigurationList;
			buildConfigurations = (
				47947D8526B3EABF00761DC8 /* Debug */,
				47947D8626B3EABF00761DC8 /* Release */,
			);
			defaultConfigurationIsVisible = 0;
			defaultConfigurationName = Release;
		};
		47947D8726B3EABF00761DC8 /* Build configuration list for PBXNativeTarget "EarScanner_XCode" */ = {
			isa = XCConfigurationList;
			buildConfigurations = (
				47947D8826B3EABF00761DC8 /* Debug */,
				47947D8926B3EABF00761DC8 /* Release */,
			);
			defaultConfigurationIsVisible = 0;
			defaultConfigurationName = Release;
		};
/* End XCConfigurationList section */

/* Begin XCRemoteSwiftPackageReference section */
		47DEEF8F26D2191900D6DF91 /* XCRemoteSwiftPackageReference "CryptoSwift" */ = {
			isa = XCRemoteSwiftPackageReference;
			repositoryURL = "https://github.com/krzyzanowskim/CryptoSwift.git";
			requirement = {
				kind = upToNextMajorVersion;
				minimumVersion = 1.4.1;
			};
		};
/* End XCRemoteSwiftPackageReference section */

/* Begin XCSwiftPackageProductDependency section */
		47DEEF9026D2191900D6DF91 /* CryptoSwift */ = {
			isa = XCSwiftPackageProductDependency;
			package = 47DEEF8F26D2191900D6DF91 /* XCRemoteSwiftPackageReference "CryptoSwift" */;
			productName = CryptoSwift;
		};
/* End XCSwiftPackageProductDependency section */
	};
	rootObject = 47947D6B26B3EABD00761DC8 /* Project object */;
}
